
Microsoft Visual Studio Solution File, Format Version 12.00
# Visual Studio Version 17
VisualStudioVersion = 17.5.33424.131
MinimumVisualStudioVersion = 10.0.40219.1
Project("{FAE04EC0-301F-11D3-BF4B-00C04F79EFBC}") = "LifeSimulation", "LifeSimulation\LifeSimulation.csproj", "{28112B54-D635-426C-86B4-2120DDD56ABC}"
EndProject
Global
	GlobalSection(SolutionConfigurationPlatforms) = preSolution
		Debug|Any CPU = Debug|Any CPU
		Release|Any CPU = Release|Any CPU
	EndGlobalSection
	GlobalSection(ProjectConfigurationPlatforms) = postSolution
		{28112B54-D635-426C-86B4-2120DDD56ABC}.Debug|Any CPU.ActiveCfg = Debug|Any CPU
		{28112B54-D635-426C-86B4-2120DDD56ABC}.Debug|Any CPU.Build.0 = Debug|Any CPU
		{28112B54-D635-426C-86B4-2120DDD56ABC}.Release|Any CPU.ActiveCfg = Release|Any CPU
		{28112B54-D635-426C-86B4-2120DDD56ABC}.Release|Any CPU.Build.0 = Release|Any CPU
	EndGlobalSection
	GlobalSection(SolutionProperties) = preSolution
		HideSolutionNode = FALSE
	EndGlobalSection
	GlobalSection(ExtensibilityGlobals) = postSolution
		SolutionGuid = {6A996AAC-0E9E-47D7-A4AF-A78B941D188B}
	EndGlobalSection
EndGlobal
